// !$*UTF8*$!
{
	archiveVersion = 1;
	classes = {
	};
	objectVersion = 51;
	objects = {

/* Begin PBXBuildFile section */
		2F27855626B385C7002ED473 /* User.swift in Sources */ = {isa = PBXBuildFile; fileRef = 2F27855526B385C7002ED473 /* User.swift */; };
		2F46487A26B0C83100136DAF /* SignUpViewController.swift in Sources */ = {isa = PBXBuildFile; fileRef = 2F46487926B0C83100136DAF /* SignUpViewController.swift */; };
		2F46487C26B0C84700136DAF /* LoginViewController.swift in Sources */ = {isa = PBXBuildFile; fileRef = 2F46487B26B0C84700136DAF /* LoginViewController.swift */; };
		2F46487E26B0C85400136DAF /* HomeViewController.swift in Sources */ = {isa = PBXBuildFile; fileRef = 2F46487D26B0C85400136DAF /* HomeViewController.swift */; };
		2F46488326B0D3B600136DAF /* GoogleService-Info.plist in Resources */ = {isa = PBXBuildFile; fileRef = 2F46488226B0D3B600136DAF /* GoogleService-Info.plist */; };
		2F46488626B0DB4800136DAF /* Help.swift in Sources */ = {isa = PBXBuildFile; fileRef = 2F46488526B0DB4800136DAF /* Help.swift */; };
		2F8B33B626BDD1A900843E01 /* Utilities.swift in Sources */ = {isa = PBXBuildFile; fileRef = 2F8B33B526BDD1A900843E01 /* Utilities.swift */; };
		2F8B33C726C07A9500843E01 /* Settings@3x.png in Resources */ = {isa = PBXBuildFile; fileRef = 2F8B33C626C07A9500843E01 /* Settings@3x.png */; };
		2F8B33C926C07AA400843E01 /* Friends@3x.png in Resources */ = {isa = PBXBuildFile; fileRef = 2F8B33C826C07AA400843E01 /* Friends@3x.png */; };
		2F8B33CD26C07C9B00843E01 /* Map@3x.png in Resources */ = {isa = PBXBuildFile; fileRef = 2F8B33CC26C07C9A00843E01 /* Map@3x.png */; };
		2F8B33CF26C07CD900843E01 /* Title@3x.png in Resources */ = {isa = PBXBuildFile; fileRef = 2F8B33CE26C07CD900843E01 /* Title@3x.png */; };
		2F8B33D126C07CFB00843E01 /* avatar@3x.png in Resources */ = {isa = PBXBuildFile; fileRef = 2F8B33D026C07CFB00843E01 /* avatar@3x.png */; };
		2F8B33D326C07D0800843E01 /* Places@3x.png in Resources */ = {isa = PBXBuildFile; fileRef = 2F8B33D226C07D0800843E01 /* Places@3x.png */; };
		2F8B33D526C0836600843E01 /* SlideMenuViewController.swift in Sources */ = {isa = PBXBuildFile; fileRef = 2F8B33D426C0836600843E01 /* SlideMenuViewController.swift */; };
		2F8B33D726C08F0F00843E01 /* Menu@3x.png in Resources */ = {isa = PBXBuildFile; fileRef = 2F8B33D626C08F0E00843E01 /* Menu@3x.png */; };
		2FA6454526ADC913004E3365 /* AppDelegate.swift in Sources */ = {isa = PBXBuildFile; fileRef = 2FA6454426ADC913004E3365 /* AppDelegate.swift */; };
		2FA6454726ADC913004E3365 /* SceneDelegate.swift in Sources */ = {isa = PBXBuildFile; fileRef = 2FA6454626ADC913004E3365 /* SceneDelegate.swift */; };
		2FA6454926ADC913004E3365 /* ViewController.swift in Sources */ = {isa = PBXBuildFile; fileRef = 2FA6454826ADC913004E3365 /* ViewController.swift */; };
		2FA6454C26ADC913004E3365 /* Main.storyboard in Resources */ = {isa = PBXBuildFile; fileRef = 2FA6454A26ADC913004E3365 /* Main.storyboard */; };
		2FA6454E26ADC915004E3365 /* Assets.xcassets in Resources */ = {isa = PBXBuildFile; fileRef = 2FA6454D26ADC915004E3365 /* Assets.xcassets */; };
		2FA6455126ADC915004E3365 /* LaunchScreen.storyboard in Resources */ = {isa = PBXBuildFile; fileRef = 2FA6454F26ADC915004E3365 /* LaunchScreen.storyboard */; };
		75C1D2FB2A8D0FC3B0089C45 /* Pods_PiNNiT.framework in Frameworks */ = {isa = PBXBuildFile; fileRef = BD3C38AF7A25C72D9A1F84DD /* Pods_PiNNiT.framework */; };
/* End PBXBuildFile section */

/* Begin PBXFileReference section */
		2F27855526B385C7002ED473 /* User.swift */ = {isa = PBXFileReference; lastKnownFileType = sourcecode.swift; path = User.swift; sourceTree = "<group>"; };
		2F46487926B0C83100136DAF /* SignUpViewController.swift */ = {isa = PBXFileReference; lastKnownFileType = sourcecode.swift; path = SignUpViewController.swift; sourceTree = "<group>"; };
		2F46487B26B0C84700136DAF /* LoginViewController.swift */ = {isa = PBXFileReference; lastKnownFileType = sourcecode.swift; path = LoginViewController.swift; sourceTree = "<group>"; };
		2F46487D26B0C85400136DAF /* HomeViewController.swift */ = {isa = PBXFileReference; lastKnownFileType = sourcecode.swift; path = HomeViewController.swift; sourceTree = "<group>"; };
		2F46488226B0D3B600136DAF /* GoogleService-Info.plist */ = {isa = PBXFileReference; fileEncoding = 4; lastKnownFileType = text.plist.xml; name = "GoogleService-Info.plist"; path = "../../../../Downloads/GoogleService-Info.plist"; sourceTree = "<group>"; };
		2F46488526B0DB4800136DAF /* Help.swift */ = {isa = PBXFileReference; lastKnownFileType = sourcecode.swift; path = Help.swift; sourceTree = "<group>"; };
		2F8B33B526BDD1A900843E01 /* Utilities.swift */ = {isa = PBXFileReference; fileEncoding = 4; lastKnownFileType = sourcecode.swift; name = Utilities.swift; path = ../../../../../Downloads/CustomLoginDemo/CustomLoginDemo/Helpers/Utilities.swift; sourceTree = "<group>"; };
		2F8B33C626C07A9500843E01 /* Settings@3x.png */ = {isa = PBXFileReference; lastKnownFileType = image.png; name = "Settings@3x.png"; path = "../../../../Settings@3x.png"; sourceTree = "<group>"; };
		2F8B33C826C07AA400843E01 /* Friends@3x.png */ = {isa = PBXFileReference; lastKnownFileType = image.png; name = "Friends@3x.png"; path = "../../../../Friends@3x.png"; sourceTree = "<group>"; };
		2F8B33CC26C07C9A00843E01 /* Map@3x.png */ = {isa = PBXFileReference; lastKnownFileType = image.png; name = "Map@3x.png"; path = "../../../../Map@3x.png"; sourceTree = "<group>"; };
		2F8B33CE26C07CD900843E01 /* Title@3x.png */ = {isa = PBXFileReference; lastKnownFileType = image.png; path = "Title@3x.png"; sourceTree = "<group>"; };
		2F8B33D026C07CFB00843E01 /* avatar@3x.png */ = {isa = PBXFileReference; lastKnownFileType = image.png; path = "avatar@3x.png"; sourceTree = "<group>"; };
		2F8B33D226C07D0800843E01 /* Places@3x.png */ = {isa = PBXFileReference; lastKnownFileType = image.png; path = "Places@3x.png"; sourceTree = "<group>"; };
		2F8B33D426C0836600843E01 /* SlideMenuViewController.swift */ = {isa = PBXFileReference; lastKnownFileType = sourcecode.swift; path = SlideMenuViewController.swift; sourceTree = "<group>"; };
		2F8B33D626C08F0E00843E01 /* Menu@3x.png */ = {isa = PBXFileReference; lastKnownFileType = image.png; name = "Menu@3x.png"; path = "../../../../Menu@3x.png"; sourceTree = "<group>"; };
		2FA6454126ADC913004E3365 /* PiNNiT.app */ = {isa = PBXFileReference; explicitFileType = wrapper.application; includeInIndex = 0; path = PiNNiT.app; sourceTree = BUILT_PRODUCTS_DIR; };
		2FA6454426ADC913004E3365 /* AppDelegate.swift */ = {isa = PBXFileReference; lastKnownFileType = sourcecode.swift; path = AppDelegate.swift; sourceTree = "<group>"; };
		2FA6454626ADC913004E3365 /* SceneDelegate.swift */ = {isa = PBXFileReference; lastKnownFileType = sourcecode.swift; path = SceneDelegate.swift; sourceTree = "<group>"; };
		2FA6454826ADC913004E3365 /* ViewController.swift */ = {isa = PBXFileReference; lastKnownFileType = sourcecode.swift; path = ViewController.swift; sourceTree = "<group>"; };
		2FA6454B26ADC913004E3365 /* Base */ = {isa = PBXFileReference; lastKnownFileType = file.storyboard; name = Base; path = Base.lproj/Main.storyboard; sourceTree = "<group>"; };
		2FA6454D26ADC915004E3365 /* Assets.xcassets */ = {isa = PBXFileReference; lastKnownFileType = folder.assetcatalog; path = Assets.xcassets; sourceTree = "<group>"; };
		2FA6455026ADC915004E3365 /* Base */ = {isa = PBXFileReference; lastKnownFileType = file.storyboard; name = Base; path = Base.lproj/LaunchScreen.storyboard; sourceTree = "<group>"; };
		2FA6455226ADC915004E3365 /* Info.plist */ = {isa = PBXFileReference; lastKnownFileType = text.plist.xml; path = Info.plist; sourceTree = "<group>"; };
		766CBB661DBA2486140C0E8D /* Pods-PiNNiT.release.xcconfig */ = {isa = PBXFileReference; includeInIndex = 1; lastKnownFileType = text.xcconfig; name = "Pods-PiNNiT.release.xcconfig"; path = "Target Support Files/Pods-PiNNiT/Pods-PiNNiT.release.xcconfig"; sourceTree = "<group>"; };
		97EB4A7871DD444D5C3158C0 /* Pods-PiNNiT.debug.xcconfig */ = {isa = PBXFileReference; includeInIndex = 1; lastKnownFileType = text.xcconfig; name = "Pods-PiNNiT.debug.xcconfig"; path = "Target Support Files/Pods-PiNNiT/Pods-PiNNiT.debug.xcconfig"; sourceTree = "<group>"; };
		BD3C38AF7A25C72D9A1F84DD /* Pods_PiNNiT.framework */ = {isa = PBXFileReference; explicitFileType = wrapper.framework; includeInIndex = 0; path = Pods_PiNNiT.framework; sourceTree = BUILT_PRODUCTS_DIR; };
/* End PBXFileReference section */

/* Begin PBXFrameworksBuildPhase section */
		2FA6453E26ADC913004E3365 /* Frameworks */ = {
			isa = PBXFrameworksBuildPhase;
			buildActionMask = 2147483647;
			files = (
				75C1D2FB2A8D0FC3B0089C45 /* Pods_PiNNiT.framework in Frameworks */,
			);
			runOnlyForDeploymentPostprocessing = 0;
		};
/* End PBXFrameworksBuildPhase section */

/* Begin PBXGroup section */
		2F46487F26B0C8B000136DAF /* ViewControllers */ = {
			isa = PBXGroup;
			children = (
				2F46487926B0C83100136DAF /* SignUpViewController.swift */,
				2F46487B26B0C84700136DAF /* LoginViewController.swift */,
				2F46487D26B0C85400136DAF /* HomeViewController.swift */,
				2FA6454826ADC913004E3365 /* ViewController.swift */,
				2F8B33D426C0836600843E01 /* SlideMenuViewController.swift */,
			);
			path = ViewControllers;
			sourceTree = "<group>";
		};
		2F46488426B0DAFA00136DAF /* Helper */ = {
			isa = PBXGroup;
			children = (
				2F46488526B0DB4800136DAF /* Help.swift */,
				2F27855526B385C7002ED473 /* User.swift */,
				2F8B33B526BDD1A900843E01 /* Utilities.swift */,
			);
			path = Helper;
			sourceTree = "<group>";
		};
		2F8B33BF26C07A0C00843E01 /* Images */ = {
			isa = PBXGroup;
			children = (
				2F8B33CC26C07C9A00843E01 /* Map@3x.png */,
				2F8B33CE26C07CD900843E01 /* Title@3x.png */,
				2F8B33D026C07CFB00843E01 /* avatar@3x.png */,
				2F8B33D226C07D0800843E01 /* Places@3x.png */,
				2F8B33C626C07A9500843E01 /* Settings@3x.png */,
				2F8B33C826C07AA400843E01 /* Friends@3x.png */,
				2F8B33D626C08F0E00843E01 /* Menu@3x.png */,
			);
			path = Images;
			sourceTree = "<group>";
		};
		2FA6453826ADC913004E3365 = {
			isa = PBXGroup;
			children = (
				2FA6454326ADC913004E3365 /* PiNNiT */,
				2FA6454226ADC913004E3365 /* Products */,
				40BC6C3CD6D1F5651C820764 /* Pods */,
				79FDBD6B4A4BC56D2BDDA147 /* Frameworks */,
			);
			sourceTree = "<group>";
		};
		2FA6454226ADC913004E3365 /* Products */ = {
			isa = PBXGroup;
			children = (
				2FA6454126ADC913004E3365 /* PiNNiT.app */,
			);
			name = Products;
			sourceTree = "<group>";
		};
		2FA6454326ADC913004E3365 /* PiNNiT */ = {
			isa = PBXGroup;
			children = (
				2F8B33BF26C07A0C00843E01 /* Images */,
				2F46488426B0DAFA00136DAF /* Helper */,
				2F46487F26B0C8B000136DAF /* ViewControllers */,
				2FA6454426ADC913004E3365 /* AppDelegate.swift */,
				2FA6454626ADC913004E3365 /* SceneDelegate.swift */,
				2FA6454A26ADC913004E3365 /* Main.storyboard */,
				2FA6454D26ADC915004E3365 /* Assets.xcassets */,
				2FA6454F26ADC915004E3365 /* LaunchScreen.storyboard */,
				2FA6455226ADC915004E3365 /* Info.plist */,
				2F46488226B0D3B600136DAF /* GoogleService-Info.plist */,
			);
			path = PiNNiT;
			sourceTree = "<group>";
		};
		40BC6C3CD6D1F5651C820764 /* Pods */ = {
			isa = PBXGroup;
			children = (
				97EB4A7871DD444D5C3158C0 /* Pods-PiNNiT.debug.xcconfig */,
				766CBB661DBA2486140C0E8D /* Pods-PiNNiT.release.xcconfig */,
			);
			path = Pods;
			sourceTree = "<group>";
		};
		79FDBD6B4A4BC56D2BDDA147 /* Frameworks */ = {
			isa = PBXGroup;
			children = (
				BD3C38AF7A25C72D9A1F84DD /* Pods_PiNNiT.framework */,
			);
			name = Frameworks;
			sourceTree = "<group>";
		};
/* End PBXGroup section */

/* Begin PBXNativeTarget section */
		2FA6454026ADC913004E3365 /* PiNNiT */ = {
			isa = PBXNativeTarget;
			buildConfigurationList = 2FA6455526ADC915004E3365 /* Build configuration list for PBXNativeTarget "PiNNiT" */;
			buildPhases = (
				2D50FCA52CEF608C05F31D37 /* [CP] Check Pods Manifest.lock */,
				2FA6453D26ADC913004E3365 /* Sources */,
				2FA6453E26ADC913004E3365 /* Frameworks */,
				2FA6453F26ADC913004E3365 /* Resources */,
				863EAAF4B494A1DBC0948291 /* [CP] Embed Pods Frameworks */,
			);
			buildRules = (
			);
			dependencies = (
			);
			name = PiNNiT;
			productName = PiNNiT;
			productReference = 2FA6454126ADC913004E3365 /* PiNNiT.app */;
			productType = "com.apple.product-type.application";
		};
/* End PBXNativeTarget section */

/* Begin PBXProject section */
		2FA6453926ADC913004E3365 /* Project object */ = {
			isa = PBXProject;
			attributes = {
				LastSwiftUpdateCheck = 1250;
				LastUpgradeCheck = 1250;
				TargetAttributes = {
					2FA6454026ADC913004E3365 = {
						CreatedOnToolsVersion = 12.5.1;
					};
				};
			};
			buildConfigurationList = 2FA6453C26ADC913004E3365 /* Build configuration list for PBXProject "PiNNiT" */;
			compatibilityVersion = "Xcode 9.3";
			developmentRegion = en;
			hasScannedForEncodings = 0;
			knownRegions = (
				en,
				Base,
			);
			mainGroup = 2FA6453826ADC913004E3365;
			productRefGroup = 2FA6454226ADC913004E3365 /* Products */;
			projectDirPath = "";
			projectRoot = "";
			targets = (
				2FA6454026ADC913004E3365 /* PiNNiT */,
			);
		};
/* End PBXProject section */

/* Begin PBXResourcesBuildPhase section */
		2FA6453F26ADC913004E3365 /* Resources */ = {
			isa = PBXResourcesBuildPhase;
			buildActionMask = 2147483647;
			files = (
				2F8B33C726C07A9500843E01 /* Settings@3x.png in Resources */,
				2FA6455126ADC915004E3365 /* LaunchScreen.storyboard in Resources */,
				2F46488326B0D3B600136DAF /* GoogleService-Info.plist in Resources */,
				2F8B33D726C08F0F00843E01 /* Menu@3x.png in Resources */,
				2F8B33D126C07CFB00843E01 /* avatar@3x.png in Resources */,
				2F8B33C926C07AA400843E01 /* Friends@3x.png in Resources */,
				2F8B33CF26C07CD900843E01 /* Title@3x.png in Resources */,
				2FA6454E26ADC915004E3365 /* Assets.xcassets in Resources */,
				2F8B33CD26C07C9B00843E01 /* Map@3x.png in Resources */,
				2FA6454C26ADC913004E3365 /* Main.storyboard in Resources */,
				2F8B33D326C07D0800843E01 /* Places@3x.png in Resources */,
			);
			runOnlyForDeploymentPostprocessing = 0;
		};
/* End PBXResourcesBuildPhase section */

/* Begin PBXShellScriptBuildPhase section */
		2D50FCA52CEF608C05F31D37 /* [CP] Check Pods Manifest.lock */ = {
			isa = PBXShellScriptBuildPhase;
			buildActionMask = 2147483647;
			files = (
			);
			inputFileListPaths = (
			);
			inputPaths = (
				"${PODS_PODFILE_DIR_PATH}/Podfile.lock",
				"${PODS_ROOT}/Manifest.lock",
			);
			name = "[CP] Check Pods Manifest.lock";
			outputFileListPaths = (
			);
			outputPaths = (
				"$(DERIVED_FILE_DIR)/Pods-PiNNiT-checkManifestLockResult.txt",
			);
			runOnlyForDeploymentPostprocessing = 0;
			shellPath = /bin/sh;
			shellScript = "diff \"${PODS_PODFILE_DIR_PATH}/Podfile.lock\" \"${PODS_ROOT}/Manifest.lock\" > /dev/null\nif [ $? != 0 ] ; then\n    # print error to STDERR\n    echo \"error: The sandbox is not in sync with the Podfile.lock. Run 'pod install' or update your CocoaPods installation.\" >&2\n    exit 1\nfi\n# This output is used by Xcode 'outputs' to avoid re-running this script phase.\necho \"SUCCESS\" > \"${SCRIPT_OUTPUT_FILE_0}\"\n";
			showEnvVarsInLog = 0;
		};
		863EAAF4B494A1DBC0948291 /* [CP] Embed Pods Frameworks */ = {
			isa = PBXShellScriptBuildPhase;
			buildActionMask = 2147483647;
			files = (
			);
			inputFileListPaths = (
				"${PODS_ROOT}/Target Support Files/Pods-PiNNiT/Pods-PiNNiT-frameworks-${CONFIGURATION}-input-files.xcfilelist",
			);
			name = "[CP] Embed Pods Frameworks";
			outputFileListPaths = (
				"${PODS_ROOT}/Target Support Files/Pods-PiNNiT/Pods-PiNNiT-frameworks-${CONFIGURATION}-output-files.xcfilelist",
			);
			runOnlyForDeploymentPostprocessing = 0;
			shellPath = /bin/sh;
			shellScript = "\"${PODS_ROOT}/Target Support Files/Pods-PiNNiT/Pods-PiNNiT-frameworks.sh\"\n";
			showEnvVarsInLog = 0;
		};
/* End PBXShellScriptBuildPhase section */

/* Begin PBXSourcesBuildPhase section */
		2FA6453D26ADC913004E3365 /* Sources */ = {
			isa = PBXSourcesBuildPhase;
			buildActionMask = 2147483647;
			files = (
				2F46488626B0DB4800136DAF /* Help.swift in Sources */,
				2FA6454926ADC913004E3365 /* ViewController.swift in Sources */,
				2FA6454526ADC913004E3365 /* AppDelegate.swift in Sources */,
				2F46487A26B0C83100136DAF /* SignUpViewController.swift in Sources */,
				2F27855626B385C7002ED473 /* User.swift in Sources */,
				2F8B33D526C0836600843E01 /* SlideMenuViewController.swift in Sources */,
				2F46487C26B0C84700136DAF /* LoginViewController.swift in Sources */,
				2F8B33B626BDD1A900843E01 /* Utilities.swift in Sources */,
				2FA6454726ADC913004E3365 /* SceneDelegate.swift in Sources */,
				2F46487E26B0C85400136DAF /* HomeViewController.swift in Sources */,
			);
			runOnlyForDeploymentPostprocessing = 0;
		};
/* End PBXSourcesBuildPhase section */

/* Begin PBXVariantGroup section */
		2FA6454A26ADC913004E3365 /* Main.storyboard */ = {
			isa = PBXVariantGroup;
			children = (
				2FA6454B26ADC913004E3365 /* Base */,
			);
			name = Main.storyboard;
			sourceTree = "<group>";
		};
		2FA6454F26ADC915004E3365 /* LaunchScreen.storyboard */ = {
			isa = PBXVariantGroup;
			children = (
				2FA6455026ADC915004E3365 /* Base */,
			);
			name = LaunchScreen.storyboard;
			sourceTree = "<group>";
		};
/* End PBXVariantGroup section */

/* Begin XCBuildConfiguration section */
		2FA6455326ADC915004E3365 /* Debug */ = {
			isa = XCBuildConfiguration;
			buildSettings = {
				ALWAYS_SEARCH_USER_PATHS = NO;
				CLANG_ANALYZER_NONNULL = YES;
				CLANG_ANALYZER_NUMBER_OBJECT_CONVERSION = YES_AGGRESSIVE;
				CLANG_CXX_LANGUAGE_STANDARD = "gnu++14";
				CLANG_CXX_LIBRARY = "libc++";
				CLANG_ENABLE_MODULES = YES;
				CLANG_ENABLE_OBJC_ARC = YES;
				CLANG_ENABLE_OBJC_WEAK = YES;
				CLANG_WARN_BLOCK_CAPTURE_AUTORELEASING = YES;
				CLANG_WARN_BOOL_CONVERSION = YES;
				CLANG_WARN_COMMA = YES;
				CLANG_WARN_CONSTANT_CONVERSION = YES;
				CLANG_WARN_DEPRECATED_OBJC_IMPLEMENTATIONS = YES;
				CLANG_WARN_DIRECT_OBJC_ISA_USAGE = YES_ERROR;
				CLANG_WARN_DOCUMENTATION_COMMENTS = YES;
				CLANG_WARN_EMPTY_BODY = YES;
				CLANG_WARN_ENUM_CONVERSION = YES;
				CLANG_WARN_INFINITE_RECURSION = YES;
				CLANG_WARN_INT_CONVERSION = YES;
				CLANG_WARN_NON_LITERAL_NULL_CONVERSION = YES;
				CLANG_WARN_OBJC_IMPLICIT_RETAIN_SELF = YES;
				CLANG_WARN_OBJC_LITERAL_CONVERSION = YES;
				CLANG_WARN_OBJC_ROOT_CLASS = YES_ERROR;
				CLANG_WARN_QUOTED_INCLUDE_IN_FRAMEWORK_HEADER = YES;
				CLANG_WARN_RANGE_LOOP_ANALYSIS = YES;
				CLANG_WARN_STRICT_PROTOTYPES = YES;
				CLANG_WARN_SUSPICIOUS_MOVE = YES;
				CLANG_WARN_UNGUARDED_AVAILABILITY = YES_AGGRESSIVE;
				CLANG_WARN_UNREACHABLE_CODE = YES;
				CLANG_WARN__DUPLICATE_METHOD_MATCH = YES;
				COPY_PHASE_STRIP = NO;
				DEBUG_INFORMATION_FORMAT = dwarf;
				ENABLE_STRICT_OBJC_MSGSEND = YES;
				ENABLE_TESTABILITY = YES;
				GCC_C_LANGUAGE_STANDARD = gnu11;
				GCC_DYNAMIC_NO_PIC = NO;
				GCC_NO_COMMON_BLOCKS = YES;
				GCC_OPTIMIZATION_LEVEL = 0;
				GCC_PREPROCESSOR_DEFINITIONS = (
					"DEBUG=1",
					"$(inherited)",
				);
				GCC_WARN_64_TO_32_BIT_CONVERSION = YES;
				GCC_WARN_ABOUT_RETURN_TYPE = YES_ERROR;
				GCC_WARN_UNDECLARED_SELECTOR = YES;
				GCC_WARN_UNINITIALIZED_AUTOS = YES_AGGRESSIVE;
				GCC_WARN_UNUSED_FUNCTION = YES;
				GCC_WARN_UNUSED_VARIABLE = YES;
				IPHONEOS_DEPLOYMENT_TARGET = 14.5;
				MTL_ENABLE_DEBUG_INFO = INCLUDE_SOURCE;
				MTL_FAST_MATH = YES;
				ONLY_ACTIVE_ARCH = YES;
				SDKROOT = iphoneos;
				SWIFT_ACTIVE_COMPILATION_CONDITIONS = DEBUG;
				SWIFT_OPTIMIZATION_LEVEL = "-Onone";
			};
			name = Debug;
		};
		2FA6455426ADC915004E3365 /* Release */ = {
			isa = XCBuildConfiguration;
			buildSettings = {
				ALWAYS_SEARCH_USER_PATHS = NO;
				CLANG_ANALYZER_NONNULL = YES;
				CLANG_ANALYZER_NUMBER_OBJECT_CONVERSION = YES_AGGRESSIVE;
				CLANG_CXX_LANGUAGE_STANDARD = "gnu++14";
				CLANG_CXX_LIBRARY = "libc++";
				CLANG_ENABLE_MODULES = YES;
				CLANG_ENABLE_OBJC_ARC = YES;
				CLANG_ENABLE_OBJC_WEAK = YES;
				CLANG_WARN_BLOCK_CAPTURE_AUTORELEASING = YES;
				CLANG_WARN_BOOL_CONVERSION = YES;
				CLANG_WARN_COMMA = YES;
				CLANG_WARN_CONSTANT_CONVERSION = YES;
				CLANG_WARN_DEPRECATED_OBJC_IMPLEMENTATIONS = YES;
				CLANG_WARN_DIRECT_OBJC_ISA_USAGE = YES_ERROR;
				CLANG_WARN_DOCUMENTATION_COMMENTS = YES;
				CLANG_WARN_EMPTY_BODY = YES;
				CLANG_WARN_ENUM_CONVERSION = YES;
				CLANG_WARN_INFINITE_RECURSION = YES;
				CLANG_WARN_INT_CONVERSION = YES;
				CLANG_WARN_NON_LITERAL_NULL_CONVERSION = YES;
				CLANG_WARN_OBJC_IMPLICIT_RETAIN_SELF = YES;
				CLANG_WARN_OBJC_LITERAL_CONVERSION = YES;
				CLANG_WARN_OBJC_ROOT_CLASS = YES_ERROR;
				CLANG_WARN_QUOTED_INCLUDE_IN_FRAMEWORK_HEADER = YES;
				CLANG_WARN_RANGE_LOOP_ANALYSIS = YES;
				CLANG_WARN_STRICT_PROTOTYPES = YES;
				CLANG_WARN_SUSPICIOUS_MOVE = YES;
				CLANG_WARN_UNGUARDED_AVAILABILITY = YES_AGGRESSIVE;
				CLANG_WARN_UNREACHABLE_CODE = YES;
				CLANG_WARN__DUPLICATE_METHOD_MATCH = YES;
				COPY_PHASE_STRIP = NO;
				DEBUG_INFORMATION_FORMAT = "dwarf-with-dsym";
				ENABLE_NS_ASSERTIONS = NO;
				ENABLE_STRICT_OBJC_MSGSEND = YES;
				GCC_C_LANGUAGE_STANDARD = gnu11;
				GCC_NO_COMMON_BLOCKS = YES;
				GCC_WARN_64_TO_32_BIT_CONVERSION = YES;
				GCC_WARN_ABOUT_RETURN_TYPE = YES_ERROR;
				GCC_WARN_UNDECLARED_SELECTOR = YES;
				GCC_WARN_UNINITIALIZED_AUTOS = YES_AGGRESSIVE;
				GCC_WARN_UNUSED_FUNCTION = YES;
				GCC_WARN_UNUSED_VARIABLE = YES;
				IPHONEOS_DEPLOYMENT_TARGET = 14.5;
				MTL_ENABLE_DEBUG_INFO = NO;
				MTL_FAST_MATH = YES;
				SDKROOT = iphoneos;
				SWIFT_COMPILATION_MODE = wholemodule;
				SWIFT_OPTIMIZATION_LEVEL = "-O";
				VALIDATE_PRODUCT = YES;
			};
			name = Release;
		};
		2FA6455626ADC915004E3365 /* Debug */ = {
			isa = XCBuildConfiguration;
			baseConfigurationReference = 97EB4A7871DD444D5C3158C0 /* Pods-PiNNiT.debug.xcconfig */;
			buildSettings = {
				ASSETCATALOG_COMPILER_APPICON_NAME = AppIcon;
				ASSETCATALOG_COMPILER_GLOBAL_ACCENT_COLOR_NAME = AccentColor;
				CODE_SIGN_STYLE = Automatic;
				DEVELOPMENT_TEAM = CBUZLM97Y9;
				INFOPLIST_FILE = PiNNiT/Info.plist;
				IPHONEOS_DEPLOYMENT_TARGET = 13.0;
				LD_RUNPATH_SEARCH_PATHS = (
					"$(inherited)",
					"@executable_path/Frameworks",
				);
				PRODUCT_BUNDLE_IDENTIFIER = "DeMaio-Inc.PiNNiT";
				PRODUCT_NAME = "$(TARGET_NAME)";
				SWIFT_VERSION = 5.0;
				TARGETED_DEVICE_FAMILY = "1,2";
			};
			name = Debug;
		};
		2FA6455726ADC915004E3365 /* Release */ = {
			isa = XCBuildConfiguration;
			baseConfigurationReference = 766CBB661DBA2486140C0E8D /* Pods-PiNNiT.release.xcconfig */;
			buildSettings = {
				ASSETCATALOG_COMPILER_APPICON_NAME = AppIcon;
				ASSETCATALOG_COMPILER_GLOBAL_ACCENT_COLOR_NAME = AccentColor;
				CODE_SIGN_STYLE = Automatic;
				DEVELOPMENT_TEAM = CBUZLM97Y9;
				INFOPLIST_FILE = PiNNiT/Info.plist;
				IPHONEOS_DEPLOYMENT_TARGET = 13.0;
				LD_RUNPATH_SEARCH_PATHS = (
					"$(inherited)",
					"@executable_path/Frameworks",
				);
				PRODUCT_BUNDLE_IDENTIFIER = "DeMaio-Inc.PiNNiT";
				PRODUCT_NAME = "$(TARGET_NAME)";
				SWIFT_VERSION = 5.0;
				TARGETED_DEVICE_FAMILY = "1,2";
			};
			name = Release;
		};
/* End XCBuildConfiguration section */

/* Begin XCConfigurationList section */
		2FA6453C26ADC913004E3365 /* Build configuration list for PBXProject "PiNNiT" */ = {
			isa = XCConfigurationList;
			buildConfigurations = (
				2FA6455326ADC915004E3365 /* Debug */,
				2FA6455426ADC915004E3365 /* Release */,
			);
			defaultConfigurationIsVisible = 0;
			defaultConfigurationName = Release;
		};
		2FA6455526ADC915004E3365 /* Build configuration list for PBXNativeTarget "PiNNiT" */ = {
			isa = XCConfigurationList;
			buildConfigurations = (
				2FA6455626ADC915004E3365 /* Debug */,
				2FA6455726ADC915004E3365 /* Release */,
			);
			defaultConfigurationIsVisible = 0;
			defaultConfigurationName = Release;
		};
/* End XCConfigurationList section */
	};
	rootObject = 2FA6453926ADC913004E3365 /* Project object */;
}
